Microsoft Visual Studio Solution File, Format Version 12.00
# Visual Studio Version 17
VisualStudioVersion = 17.8.0.0
MinimumVisualStudioVersion = 17.8.0.0
Project("{9A19103F-16F7-4668-BE54-9A1E7A4F7556}") = "AspireYouTubeSummariser.AppHost", "AspireYouTubeSummariser.AppHost\AspireYouTubeSummariser.AppHost.csproj", "{9A372CA0-8E24-4616-A02D-604879C3828C}"
EndProject
Project("{9A19103F-16F7-4668-BE54-9A1E7A4F7556}") = "AspireYouTubeSummariser.ServiceDefaults", "AspireYouTubeSummariser.ServiceDefaults\AspireYouTubeSummariser.ServiceDefaults.csproj", "{87764C81-2478-4455-942C-8187E0DBB229}"
EndProject
Project("{FAE04EC0-301F-11D3-BF4B-00C04F79EFBC}") = "frontend", "..\frontend\frontend.csproj", "{C8493D4E-4EB9-45D3-BFA5-B2E292BAD8D1}"
EndProject
Project("{FAE04EC0-301F-11D3-BF4B-00C04F79EFBC}") = "backend", "..\backend\backend.csproj", "{36EC10A0-99CA-415C-8B69-C2593BA01AD9}"
EndProject
Global
	GlobalSection(SolutionConfigurationPlatforms) = preSolution
		Debug|Any CPU = Debug|Any CPU
		Release|Any CPU = Release|Any CPU
	EndGlobalSection
	GlobalSection(ProjectConfigurationPlatforms) = postSolution
		{9A372CA0-8E24-4616-A02D-604879C3828C}.Debug|Any CPU.ActiveCfg = Debug|Any CPU
		{9A372CA0-8E24-4616-A02D-604879C3828C}.Debug|Any CPU.Build.0 = Debug|Any CPU
		{9A372CA0-8E24-4616-A02D-604879C3828C}.Release|Any CPU.ActiveCfg = Release|Any CPU
		{9A372CA0-8E24-4616-A02D-604879C3828C}.Release|Any CPU.Build.0 = Release|Any CPU
		{87764C81-2478-4455-942C-8187E0DBB229}.Debug|Any CPU.ActiveCfg = Debug|Any CPU
		{87764C81-2478-4455-942C-8187E0DBB229}.Debug|Any CPU.Build.0 = Debug|Any CPU
		{87764C81-2478-4455-942C-8187E0DBB229}.Release|Any CPU.ActiveCfg = Release|Any CPU
		{87764C81-2478-4455-942C-8187E0DBB229}.Release|Any CPU.Build.0 = Release|Any CPU
		{C8493D4E-4EB9-45D3-BFA5-B2E292BAD8D1}.Debug|Any CPU.ActiveCfg = Debug|Any CPU
		{C8493D4E-4EB9-45D3-BFA5-B2E292BAD8D1}.Debug|Any CPU.Build.0 = Debug|Any CPU
		{C8493D4E-4EB9-45D3-BFA5-B2E292BAD8D1}.Release|Any CPU.ActiveCfg = Release|Any CPU
		{C8493D4E-4EB9-45D3-BFA5-B2E292BAD8D1}.Release|Any CPU.Build.0 = Release|Any CPU
		{36EC10A0-99CA-415C-8B69-C2593BA01AD9}.Debug|Any CPU.ActiveCfg = Debug|Any CPU
		{36EC10A0-99CA-415C-8B69-C2593BA01AD9}.Debug|Any CPU.Build.0 = Debug|Any CPU
		{36EC10A0-99CA-415C-8B69-C2593BA01AD9}.Release|Any CPU.ActiveCfg = Release|Any CPU
		{36EC10A0-99CA-415C-8B69-C2593BA01AD9}.Release|Any CPU.Build.0 = Release|Any CPU
	EndGlobalSection
	GlobalSection(SolutionProperties) = preSolution
		HideSolutionNode = FALSE
	EndGlobalSection
	GlobalSection(ExtensibilityGlobals) = postSolution
		SolutionGuid = {8F162DFA-9DF9-475B-A0A7-BBC2408B6CFE}
	EndGlobalSection
EndGlobal
